Microsoft Visual Studio Solution File, Format Version 12.00
# Visual Studio Version 17
VisualStudioVersion = 17.5.2.0
MinimumVisualStudioVersion = 10.0.40219.1
Project("{FAE04EC0-301F-11D3-BF4B-00C04F79EFBC}") = "SoporteDeTickets", "SoporteDeTickets.csproj", "{60DCE967-CA31-C2F7-3D50-AEFF80AA0DDF}"
EndProject
Global
	GlobalSection(SolutionConfigurationPlatforms) = preSolution
		Debug|Any CPU = Debug|Any CPU
		Release|Any CPU = Release|Any CPU
	EndGlobalSection
	GlobalSection(ProjectConfigurationPlatforms) = postSolution
		{60DCE967-CA31-C2F7-3D50-AEFF80AA0DDF}.Debug|Any CPU.ActiveCfg = Debug|Any CPU
		{60DCE967-CA31-C2F7-3D50-AEFF80AA0DDF}.Debug|Any CPU.Build.0 = Debug|Any CPU
		{60DCE967-CA31-C2F7-3D50-AEFF80AA0DDF}.Release|Any CPU.ActiveCfg = Release|Any CPU
		{60DCE967-CA31-C2F7-3D50-AEFF80AA0DDF}.Release|Any CPU.Build.0 = Release|Any CPU
	EndGlobalSection
	GlobalSection(SolutionProperties) = preSolution
		HideSolutionNode = FALSE
	EndGlobalSection
	GlobalSection(ExtensibilityGlobals) = postSolution
		SolutionGuid = {90B1E9CA-F307-4D52-B1FB-5DBD8BB3D580}
	EndGlobalSection
EndGlobal
